
Microsoft Visual Studio Solution File, Format Version 12.00
# Visual Studio 15
VisualStudioVersion = 15.0.28307.902
MinimumVisualStudioVersion = 10.0.40219.1
Project("{FAE04EC0-301F-11D3-BF4B-00C04F79EFBC}") = "PhoneBook", "PhoneBook\PhoneBook.csproj", "{B73A5668-B9CF-4424-BA85-53D792188840}"
EndProject
Global
	GlobalSection(SolutionConfigurationPlatforms) = preSolution
		Debug|Any CPU = Debug|Any CPU
		Release|Any CPU = Release|Any CPU
	EndGlobalSection
	GlobalSection(ProjectConfigurationPlatforms) = postSolution
		{B73A5668-B9CF-4424-BA85-53D792188840}.Debug|Any CPU.ActiveCfg = Debug|Any CPU
		{B73A5668-B9CF-4424-BA85-53D792188840}.Debug|Any CPU.Build.0 = Debug|Any CPU
		{B73A5668-B9CF-4424-BA85-53D792188840}.Release|Any CPU.ActiveCfg = Release|Any CPU
		{B73A5668-B9CF-4424-BA85-53D792188840}.Release|Any CPU.Build.0 = Release|Any CPU
	EndGlobalSection
	GlobalSection(SolutionProperties) = preSolution
		HideSolutionNode = FALSE
	EndGlobalSection
	GlobalSection(ExtensibilityGlobals) = postSolution
		SolutionGuid = {EF8902C3-18E9-44B0-B964-FA0FFCE258D6}
	EndGlobalSection
EndGlobal
